<Solution>
  <Folder Name="/.github/workflows/">
    <File Path=".github/workflows/validate.yml" />
  </Folder>
  <Folder Name="/docs/">
    <File Path="docs/README.md" />
  </Folder>
  <Folder Name="/eng/">
    <File Path="eng/bootstrap-source-roots.ps1" />
    <File Path="eng/check-boundaries.ps1" />
  </Folder>
  <Folder Name="/Solution Items/">
    <File Path=".editorconfig" />
    <File Path=".gitattributes" />
    <File Path=".gitignore" />
    <File Path="Directory.Build.props" />
    <File Path="Directory.Packages.props" />
    <File Path="global.json" />
    <File Path="Gma.SourceRoots.props.example" />
    <File Path="LICENSE" />
    <File Path="nuget.config" />
    <File Path="README.md" />
  </Folder>
  <Folder Name="/src/">
    <Project Path="src/Gma.Extensions.Auth.Notifications/Gma.Extensions.Auth.Notifications.csproj" />
    <Project Path="src/Gma.Extensions.Auth.Organizations/Gma.Extensions.Auth.Organizations.csproj" />
    <Project Path="src/Gma.Extensions.Organizations.AccessControl/Gma.Extensions.Organizations.AccessControl.csproj" />
    <Project Path="src/Gma.Extensions.Organizations.Tenancy/Gma.Extensions.Organizations.Tenancy.csproj" />
  </Folder>
  <Folder Name="/tests/">
    <Project Path="tests/Gma.Extensions.Auth.Notifications.Tests/Gma.Extensions.Auth.Notifications.Tests.csproj" />
    <Project Path="tests/Gma.Extensions.Auth.Organizations.Tests/Gma.Extensions.Auth.Organizations.Tests.csproj" />
    <Project Path="tests/Gma.Extensions.Organizations.AccessControl.Tests/Gma.Extensions.Organizations.AccessControl.Tests.csproj" />
    <Project Path="tests/Gma.Extensions.Organizations.Tenancy.Tests/Gma.Extensions.Organizations.Tenancy.Tests.csproj" />
  </Folder>
</Solution>
